
Microsoft Visual Studio Solution File, Format Version 12.00
# Visual Studio Version 16
VisualStudioVersion = 16.0.31424.327
MinimumVisualStudioVersion = 10.0.40219.1
Project("{9A19103F-16F7-4668-BE54-9A1E7A4F7556}") = "Caffe", "ADO.NETWPF\Caffe.csproj", "{B48ED48D-F245-40C1-A68B-6AC661D26ADC}"
EndProject
Project("{9A19103F-16F7-4668-BE54-9A1E7A4F7556}") = "Caffe.Models", "Caffe.Data\Caffe.Models.csproj", "{9E4EED23-2659-4128-ABBB-84AAB6107588}"
EndProject
Project("{9A19103F-16F7-4668-BE54-9A1E7A4F7556}") = "CaffeAdmin", "CaffeAdmin\CaffeAdmin.csproj", "{C8EB3BCA-413A-4C76-B67F-69AE1D6A120D}"
EndProject
Global
	GlobalSection(SolutionConfigurationPlatforms) = preSolution
		Debug|Any CPU = Debug|Any CPU
		Release|Any CPU = Release|Any CPU
	EndGlobalSection
	GlobalSection(ProjectConfigurationPlatforms) = postSolution
		{B48ED48D-F245-40C1-A68B-6AC661D26ADC}.Debug|Any CPU.ActiveCfg = Debug|Any CPU
		{B48ED48D-F245-40C1-A68B-6AC661D26ADC}.Debug|Any CPU.Build.0 = Debug|Any CPU
		{B48ED48D-F245-40C1-A68B-6AC661D26ADC}.Release|Any CPU.ActiveCfg = Release|Any CPU
		{B48ED48D-F245-40C1-A68B-6AC661D26ADC}.Release|Any CPU.Build.0 = Release|Any CPU
		{9E4EED23-2659-4128-ABBB-84AAB6107588}.Debug|Any CPU.ActiveCfg = Debug|Any CPU
		{9E4EED23-2659-4128-ABBB-84AAB6107588}.Debug|Any CPU.Build.0 = Debug|Any CPU
		{9E4EED23-2659-4128-ABBB-84AAB6107588}.Release|Any CPU.ActiveCfg = Release|Any CPU
		{9E4EED23-2659-4128-ABBB-84AAB6107588}.Release|Any CPU.Build.0 = Release|Any CPU
		{C8EB3BCA-413A-4C76-B67F-69AE1D6A120D}.Debug|Any CPU.ActiveCfg = Debug|Any CPU
		{C8EB3BCA-413A-4C76-B67F-69AE1D6A120D}.Debug|Any CPU.Build.0 = Debug|Any CPU
		{C8EB3BCA-413A-4C76-B67F-69AE1D6A120D}.Release|Any CPU.ActiveCfg = Release|Any CPU
		{C8EB3BCA-413A-4C76-B67F-69AE1D6A120D}.Release|Any CPU.Build.0 = Release|Any CPU
	EndGlobalSection
	GlobalSection(SolutionProperties) = preSolution
		HideSolutionNode = FALSE
	EndGlobalSection
	GlobalSection(ExtensibilityGlobals) = postSolution
		SolutionGuid = {53C63A08-4E48-4D4D-B0E3-B3C07B98F93B}
	EndGlobalSection
EndGlobal
